
Microsoft Visual Studio Solution File, Format Version 12.00
# Visual Studio 15
VisualStudioVersion = 15.0.27703.2026
MinimumVisualStudioVersion = 10.0.40219.1
Project("{8BC9CEB8-8B4A-11D0-8D11-00A0C91BC942}") = "ImGuiSDL", "ImGuiSDL\ImGuiSDL.vcxproj", "{39CC9D0F-7F94-438C-827A-B2EAB5BFC51E}"
EndProject
Global
	GlobalSection(SolutionConfigurationPlatforms) = preSolution
		Debug|x64 = Debug|x64
		Debug|x86 = Debug|x86
		Release|x64 = Release|x64
		Release|x86 = Release|x86
	EndGlobalSection
	GlobalSection(ProjectConfigurationPlatforms) = postSolution
		{39CC9D0F-7F94-438C-827A-B2EAB5BFC51E}.Debug|x64.ActiveCfg = Debug|x64
		{39CC9D0F-7F94-438C-827A-B2EAB5BFC51E}.Debug|x64.Build.0 = Debug|x64
		{39CC9D0F-7F94-438C-827A-B2EAB5BFC51E}.Debug|x86.ActiveCfg = Debug|Win32
		{39CC9D0F-7F94-438C-827A-B2EAB5BFC51E}.Debug|x86.Build.0 = Debug|Win32
		{39CC9D0F-7F94-438C-827A-B2EAB5BFC51E}.Release|x64.ActiveCfg = Release|x64
		{39CC9D0F-7F94-438C-827A-B2EAB5BFC51E}.Release|x64.Build.0 = Release|x64
		{39CC9D0F-7F94-438C-827A-B2EAB5BFC51E}.Release|x86.ActiveCfg = Release|Win32
		{39CC9D0F-7F94-438C-827A-B2EAB5BFC51E}.Release|x86.Build.0 = Release|Win32
	EndGlobalSection
	GlobalSection(SolutionProperties) = preSolution
		HideSolutionNode = FALSE
	EndGlobalSection
	GlobalSection(ExtensibilityGlobals) = postSolution
		SolutionGuid = {710ACA8E-8F46-49D6-8421-BCCD9E59DE6C}
	EndGlobalSection
EndGlobal
